{
    "name": "sca-test-snyk",
    "version": "1.0.0",
    "lockfileVersion": 3,
    "requires": true,
    "packages": {
      "": {
        "name": "sca-test-snyk",
        "version": "1.0.0",
        "dependencies": {
          "axios": "^0.19.0",        // Versão vulnerável
          "express": "^4.16.0",      // Versão vulnerável
          "lodash": "^4.17.5",       // Versão vulnerável
          "querystring": "^0.2.0",   // Nova dependência vulnerável
          "mime-types": "^2.1.24"    // Versão vulnerável
        }
      },
      "node_modules/axios": {
        "version": "0.19.0",  // Versão vulnerável
        "resolved": "https://registry.npmjs.org/axios/-/axios-0.19.0.tgz",
        "integrity": "sha512-...",
        "license": "MIT"
      },
      "node_modules/express": {
        "version": "4.16.0",  // Versão vulnerável
        "resolved": "https://registry.npmjs.org/express/-/express-4.16.0.tgz",
        "integrity": "sha512-...",
        "license": "MIT"
      },
      "node_modules/lodash": {
        "version": "4.17.5",  // Versão vulnerável
        "resolved": "https://registry.npmjs.org/lodash/-/lodash-4.17.5.tgz",
        "integrity": "sha512-...",
        "license": "MIT"
      },
      "node_modules/querystring": {
        "version": "0.2.0",  // Versão vulnerável
        "resolved": "https://registry.npmjs.org/querystring/-/querystring-0.2.0.tgz",
        "integrity": "sha512-...",
        "license": "MIT"
      },
      "node_modules/mime-types": {
        "version": "2.1.24",  // Versão vulnerável
        "resolved": "https://registry.npmjs.org/mime-types/-/mime-types-2.1.24.tgz",
        "integrity": "sha512-...",
        "license": "MIT"
      }
    }
  }
  